
Microsoft Visual Studio Solution File, Format Version 12.00
# Visual Studio Version 16
VisualStudioVersion = 16.0.31729.503
MinimumVisualStudioVersion = 10.0.40219.1
Project("{9A19103F-16F7-4668-BE54-9A1E7A4F7556}") = "TestProject", "..\ConsoleApp1\TestProject1\TestProject.csproj", "{4ADC0D67-1299-4A32-9457-5F2578E80649}"
EndProject
Project("{9A19103F-16F7-4668-BE54-9A1E7A4F7556}") = "BowlingBallScoringSystem", "..\ConsoleApp1\ConsoleApp1\BowlingBallScoringSystem.csproj", "{0AB144A7-016A-4E2E-864A-79B0161F7E0F}"
EndProject
Global
	GlobalSection(SolutionConfigurationPlatforms) = preSolution
		Debug|Any CPU = Debug|Any CPU
		Release|Any CPU = Release|Any CPU
	EndGlobalSection
	GlobalSection(ProjectConfigurationPlatforms) = postSolution
		{4ADC0D67-1299-4A32-9457-5F2578E80649}.Debug|Any CPU.ActiveCfg = Debug|Any CPU
		{4ADC0D67-1299-4A32-9457-5F2578E80649}.Debug|Any CPU.Build.0 = Debug|Any CPU
		{4ADC0D67-1299-4A32-9457-5F2578E80649}.Release|Any CPU.ActiveCfg = Release|Any CPU
		{4ADC0D67-1299-4A32-9457-5F2578E80649}.Release|Any CPU.Build.0 = Release|Any CPU
		{0AB144A7-016A-4E2E-864A-79B0161F7E0F}.Debug|Any CPU.ActiveCfg = Debug|Any CPU
		{0AB144A7-016A-4E2E-864A-79B0161F7E0F}.Debug|Any CPU.Build.0 = Debug|Any CPU
		{0AB144A7-016A-4E2E-864A-79B0161F7E0F}.Release|Any CPU.ActiveCfg = Release|Any CPU
		{0AB144A7-016A-4E2E-864A-79B0161F7E0F}.Release|Any CPU.Build.0 = Release|Any CPU
	EndGlobalSection
	GlobalSection(SolutionProperties) = preSolution
		HideSolutionNode = FALSE
	EndGlobalSection
	GlobalSection(ExtensibilityGlobals) = postSolution
		SolutionGuid = {32C8F50F-C3DD-4173-8E1E-F0EA2728881B}
	EndGlobalSection
EndGlobal
